
Microsoft Visual Studio Solution File, Format Version 12.00
# Visual Studio Version 17
VisualStudioVersion = 17.0.32112.339
MinimumVisualStudioVersion = 10.0.40219.1
Project("{FAE04EC0-301F-11D3-BF4B-00C04F79EFBC}") = "Shopping List", "Shopping List\Shopping List.csproj", "{A329C350-E26C-4275-85B9-46BE76E2E44B}"
EndProject
Global
	GlobalSection(SolutionConfigurationPlatforms) = preSolution
		Debug|Any CPU = Debug|Any CPU
		Release|Any CPU = Release|Any CPU
	EndGlobalSection
	GlobalSection(ProjectConfigurationPlatforms) = postSolution
		{A329C350-E26C-4275-85B9-46BE76E2E44B}.Debug|Any CPU.ActiveCfg = Debug|Any CPU
		{A329C350-E26C-4275-85B9-46BE76E2E44B}.Debug|Any CPU.Build.0 = Debug|Any CPU
		{A329C350-E26C-4275-85B9-46BE76E2E44B}.Release|Any CPU.ActiveCfg = Release|Any CPU
		{A329C350-E26C-4275-85B9-46BE76E2E44B}.Release|Any CPU.Build.0 = Release|Any CPU
	EndGlobalSection
	GlobalSection(SolutionProperties) = preSolution
		HideSolutionNode = FALSE
	EndGlobalSection
	GlobalSection(ExtensibilityGlobals) = postSolution
		SolutionGuid = {6BAEF557-31F9-4786-99F6-99B8D65A8168}
	EndGlobalSection
EndGlobal
